%{
  "asciichart": {:hex, :asciichart, "1.2.0", "4163eccf18793f5701ba4656f04803019a469d2fb98e6615803cda677afce8d9", [:mix], [], "hexpm", "28a870099bf7c6f6367953874f53445e4a882566dd8ac2e9e701989f967d374d"},
  "bunt": {:hex, :bunt, "0.2.1", "e2d4792f7bc0ced7583ab54922808919518d0e57ee162901a16a1b6664ef3b14", [:mix], [], "hexpm", "a330bfb4245239787b15005e66ae6845c9cd524a288f0d141c148b02603777a5"},
  "credo": {:hex, :credo, "1.3.2", "08d456dcf3c24da162d02953fb07267e444469d8dad3a2ae47794938ea467b3a", [:mix], [{:bunt, "~> 0.2.0", [hex: :bunt, repo: "hexpm", optional: false]}, {:jason, "~> 1.0", [hex: :jason, repo: "hexpm", optional: false]}], "hexpm", "b11d28cce1f1f399dddffd42d8e21dcad783309e230f84b70267b1a5546468b6"},
  "dialyze": {:hex, :dialyze, "0.2.1", "9fb71767f96649020d769db7cbd7290059daff23707d6e851e206b1fdfa92f9d", [:mix], [], "hexpm", "f485181fa53229356621261a384963cb47511cccf1454e82ca4fde53274fcd48"},
  "earmark_parser": {:hex, :earmark_parser, "1.4.44", "f20830dd6b5c77afe2b063777ddbbff09f9759396500cdbe7523efd58d7a339c", [:mix], [], "hexpm", "4778ac752b4701a5599215f7030989c989ffdc4f6df457c5f36938cc2d2a2750"},
  "elixir_make": {:hex, :elixir_make, "0.9.0", "6484b3cd8c0cee58f09f05ecaf1a140a8c97670671a6a0e7ab4dc326c3109726", [:mix], [], "hexpm", "db23d4fd8b757462ad02f8aa73431a426fe6671c80b200d9710caf3d1dd0ffdb"},
  "ex_doc": {:hex, :ex_doc, "0.38.4", "ab48dff7a8af84226bf23baddcdda329f467255d924380a0cf0cee97bb9a9ede", [:mix], [{:earmark_parser, "~> 1.4.44", [hex: :earmark_parser, repo: "hexpm", optional: false]}, {:makeup_c, ">= 0.1.0", [hex: :makeup_c, repo: "hexpm", optional: true]}, {:makeup_elixir, "~> 0.14 or ~> 1.0", [hex: :makeup_elixir, repo: "hexpm", optional: false]}, {:makeup_erlang, "~> 0.1 or ~> 1.0", [hex: :makeup_erlang, repo: "hexpm", optional: false]}, {:makeup_html, ">= 0.1.0", [hex: :makeup_html, repo: "hexpm", optional: true]}], "hexpm", "f7b62346408a83911c2580154e35613eb314e0278aeea72ed7fedef9c1f165b2"},
  "ex_termbox2": {:git, "https://github.com/topherx/ex_termbox2.git", "2d073677cea5e535681c0fbc75339911cc585a0a", [branch: "fix/compilation"]},
  "jason": {:hex, :jason, "1.4.4", "b9226785a9aa77b6857ca22832cffa5d5011a667207eb2a0ad56adb5db443b8a", [:mix], [{:decimal, "~> 1.0 or ~> 2.0", [hex: :decimal, repo: "hexpm", optional: true]}], "hexpm", "c5eb0cab91f094599f94d55bc63409236a8ec69a21a67814529e8d5f6cc90b3b"},
  "makeup": {:hex, :makeup, "1.2.1", "e90ac1c65589ef354378def3ba19d401e739ee7ee06fb47f94c687016e3713d1", [:mix], [{:nimble_parsec, "~> 1.4", [hex: :nimble_parsec, repo: "hexpm", optional: false]}], "hexpm", "d36484867b0bae0fea568d10131197a4c2e47056a6fbe84922bf6ba71c8d17ce"},
  "makeup_elixir": {:hex, :makeup_elixir, "1.0.1", "e928a4f984e795e41e3abd27bfc09f51db16ab8ba1aebdba2b3a575437efafc2", [:mix], [{:makeup, "~> 1.0", [hex: :makeup, repo: "hexpm", optional: false]}, {:nimble_parsec, "~> 1.2.3 or ~> 1.3", [hex: :nimble_parsec, repo: "hexpm", optional: false]}], "hexpm", "7284900d412a3e5cfd97fdaed4f5ed389b8f2b4cb49efc0eb3bd10e2febf9507"},
  "makeup_erlang": {:hex, :makeup_erlang, "1.0.2", "03e1804074b3aa64d5fad7aa64601ed0fb395337b982d9bcf04029d68d51b6a7", [:mix], [{:makeup, "~> 1.0", [hex: :makeup, repo: "hexpm", optional: false]}], "hexpm", "af33ff7ef368d5893e4a267933e7744e46ce3cf1f61e2dccf53a111ed3aa3727"},
  "nimble_parsec": {:hex, :nimble_parsec, "1.4.2", "8efba0122db06df95bfaa78f791344a89352ba04baedd3849593bfce4d0dc1c6", [:mix], [], "hexpm", "4b21398942dda052b403bbe1da991ccd03a053668d147d53fb8c4e0efe09c973"},
  "pegasus": {:hex, :pegasus, "0.2.6", "b4af6522326fbb2ffd1bb706e78ec05854fbcb4b03a7fe08f8db2e9de1d0be67", [:mix], [{:nimble_parsec, "~> 1.2", [hex: :nimble_parsec, repo: "hexpm", optional: false]}], "hexpm", "0ac159f0ccab7967cf90208327cc8a35788874814c8d78e19d47104d3fc049b9"},
  "protoss": {:hex, :protoss, "0.2.1", "fcf437ed65178d6cbf9a600886e3da9f7173697223972f062ee593941c2588b1", [:mix], [], "hexpm", "2261dbdc4d5913ce1e88d1410108d97f21140a118f45f6acc3edc4ecdb952052"},
  "zig_get": {:hex, :zig_get, "0.13.1", "0c5ba23e8ed9bfabb22ddee3f728fe382b72db057423956549e71c9a33aed090", [:mix], [{:jason, "~> 1.4", [hex: :jason, repo: "hexpm", optional: false]}], "hexpm", "bb05db6ed83a72e3100ab0110aad0f3c81ea005f9e85f22c63c3527a82257b4f"},
  "zig_parser": {:hex, :zig_parser, "0.4.0", "5230576fcea30c061f08f6053448ad3dc5194a45485065564a7f8047bb351ce9", [:mix], [{:pegasus, "~> 0.2.4", [hex: :pegasus, repo: "hexpm", optional: false]}], "hexpm", "ec54cf14e80a1485e29a80b42756d0421426db81eb9e2630721fd46ab5c21bcb"},
  "zigler": {:hex, :zigler, "0.13.3", "18f9a1b4d230154156b9955b209fbd85c4195d5b35e0d55dae5d3a48c646e8c8", [:mix], [{:jason, "~> 1.4", [hex: :jason, repo: "hexpm", optional: false]}, {:protoss, "~> 0.2", [hex: :protoss, repo: "hexpm", optional: false]}, {:zig_get, "0.13.1", [hex: :zig_get, repo: "hexpm", optional: false]}, {:zig_parser, "~> 0.4.0", [hex: :zig_parser, repo: "hexpm", optional: false]}], "hexpm", "b83bfd7c8bfad275cc59a4816846b2c863f1dcf9842303323bf3110ac2597134"},
}
